// !$*UTF8*$!
{
	archiveVersion = 1;
	classes = {
	};
	objectVersion = 46;
	objects = {

/* Begin PBXBuildFile section */
		1927290F1C96BC3F1F4D9579 /* libPods-URANTest.a in Frameworks */ = {isa = PBXBuildFile; fileRef = 10788126896AE27007B284EB /* libPods-URANTest.a */; };
		D0D096611E617BA200CD19AF /* main.m in Sources */ = {isa = PBXBuildFile; fileRef = D0D096601E617BA200CD19AF /* main.m */; };
		D0D096641E617BA200CD19AF /* AppDelegate.m in Sources */ = {isa = PBXBuildFile; fileRef = D0D096631E617BA200CD19AF /* AppDelegate.m */; };
		D0D0966C1E617BA200CD19AF /* Assets.xcassets in Resources */ = {isa = PBXBuildFile; fileRef = D0D0966B1E617BA200CD19AF /* Assets.xcassets */; };
		D0D0966F1E617BA200CD19AF /* LaunchScreen.storyboard in Resources */ = {isa = PBXBuildFile; fileRef = D0D0966D1E617BA200CD19AF /* LaunchScreen.storyboard */; };
		D0D0967F1E61821D00CD19AF /* URTInitialScreen.storyboard in Resources */ = {isa = PBXBuildFile; fileRef = D0D0967E1E61821D00CD19AF /* URTInitialScreen.storyboard */; };
		D0D096821E61823400CD19AF /* URTFileTableViewController.m in Sources */ = {isa = PBXBuildFile; fileRef = D0D096811E61823400CD19AF /* URTFileTableViewController.m */; };
		D0D096861E61833300CD19AF /* URTFileModel.m in Sources */ = {isa = PBXBuildFile; fileRef = D0D096851E61833300CD19AF /* URTFileModel.m */; };
		D0D096901E6189CC00CD19AF /* URTFileCell.m in Sources */ = {isa = PBXBuildFile; fileRef = D0D0968F1E6189CC00CD19AF /* URTFileCell.m */; };
/* End PBXBuildFile section */

/* Begin PBXFileReference section */
		10788126896AE27007B284EB /* libPods-URANTest.a */ = {isa = PBXFileReference; explicitFileType = archive.ar; includeInIndex = 0; path = "libPods-URANTest.a"; sourceTree = BUILT_PRODUCTS_DIR; };
		6E19A53CB400881498A931D1 /* Pods-URANTest.release.xcconfig */ = {isa = PBXFileReference; includeInIndex = 1; lastKnownFileType = text.xcconfig; name = "Pods-URANTest.release.xcconfig"; path = "Pods/Target Support Files/Pods-URANTest/Pods-URANTest.release.xcconfig"; sourceTree = "<group>"; };
		D0D0965C1E617BA200CD19AF /* URANTest.app */ = {isa = PBXFileReference; explicitFileType = wrapper.application; includeInIndex = 0; path = URANTest.app; sourceTree = BUILT_PRODUCTS_DIR; };
		D0D096601E617BA200CD19AF /* main.m */ = {isa = PBXFileReference; lastKnownFileType = sourcecode.c.objc; path = main.m; sourceTree = "<group>"; };
		D0D096621E617BA200CD19AF /* AppDelegate.h */ = {isa = PBXFileReference; lastKnownFileType = sourcecode.c.h; path = AppDelegate.h; sourceTree = "<group>"; };
		D0D096631E617BA200CD19AF /* AppDelegate.m */ = {isa = PBXFileReference; lastKnownFileType = sourcecode.c.objc; path = AppDelegate.m; sourceTree = "<group>"; };
		D0D0966B1E617BA200CD19AF /* Assets.xcassets */ = {isa = PBXFileReference; lastKnownFileType = folder.assetcatalog; path = Assets.xcassets; sourceTree = "<group>"; };
		D0D0966E1E617BA200CD19AF /* Base */ = {isa = PBXFileReference; lastKnownFileType = file.storyboard; name = Base; path = Base.lproj/LaunchScreen.storyboard; sourceTree = "<group>"; };
		D0D096701E617BA200CD19AF /* Info.plist */ = {isa = PBXFileReference; lastKnownFileType = text.plist.xml; path = Info.plist; sourceTree = "<group>"; };
		D0D0967E1E61821D00CD19AF /* URTInitialScreen.storyboard */ = {isa = PBXFileReference; fileEncoding = 4; lastKnownFileType = file.storyboard; path = URTInitialScreen.storyboard; sourceTree = "<group>"; };
		D0D096801E61823400CD19AF /* URTFileTableViewController.h */ = {isa = PBXFileReference; fileEncoding = 4; lastKnownFileType = sourcecode.c.h; path = URTFileTableViewController.h; sourceTree = "<group>"; };
		D0D096811E61823400CD19AF /* URTFileTableViewController.m */ = {isa = PBXFileReference; fileEncoding = 4; lastKnownFileType = sourcecode.c.objc; path = URTFileTableViewController.m; sourceTree = "<group>"; };
		D0D096841E61833300CD19AF /* URTFileModel.h */ = {isa = PBXFileReference; fileEncoding = 4; lastKnownFileType = sourcecode.c.h; path = URTFileModel.h; sourceTree = "<group>"; };
		D0D096851E61833300CD19AF /* URTFileModel.m */ = {isa = PBXFileReference; fileEncoding = 4; lastKnownFileType = sourcecode.c.objc; path = URTFileModel.m; sourceTree = "<group>"; };
		D0D0968E1E6189CC00CD19AF /* URTFileCell.h */ = {isa = PBXFileReference; fileEncoding = 4; lastKnownFileType = sourcecode.c.h; path = URTFileCell.h; sourceTree = "<group>"; };
		D0D0968F1E6189CC00CD19AF /* URTFileCell.m */ = {isa = PBXFileReference; fileEncoding = 4; lastKnownFileType = sourcecode.c.objc; path = URTFileCell.m; sourceTree = "<group>"; };
		FB884AC8B9F1B3B51FC4DD95 /* Pods-URANTest.debug.xcconfig */ = {isa = PBXFileReference; includeInIndex = 1; lastKnownFileType = text.xcconfig; name = "Pods-URANTest.debug.xcconfig"; path = "Pods/Target Support Files/Pods-URANTest/Pods-URANTest.debug.xcconfig"; sourceTree = "<group>"; };
/* End PBXFileReference section */

/* Begin PBXFrameworksBuildPhase section */
		D0D096591E617BA000CD19AF /* Frameworks */ = {
			isa = PBXFrameworksBuildPhase;
			buildActionMask = 2147483647;
			files = (
				1927290F1C96BC3F1F4D9579 /* libPods-URANTest.a in Frameworks */,
			);
			runOnlyForDeploymentPostprocessing = 0;
		};
/* End PBXFrameworksBuildPhase section */

/* Begin PBXGroup section */
		65BB05BD3958E5AFD8CB6658 /* Pods */ = {
			isa = PBXGroup;
			children = (
				FB884AC8B9F1B3B51FC4DD95 /* Pods-URANTest.debug.xcconfig */,
				6E19A53CB400881498A931D1 /* Pods-URANTest.release.xcconfig */,
			);
			name = Pods;
			sourceTree = "<group>";
		};
		B06E5BF6A19F6FF7283820B3 /* Frameworks */ = {
			isa = PBXGroup;
			children = (
				10788126896AE27007B284EB /* libPods-URANTest.a */,
			);
			name = Frameworks;
			sourceTree = "<group>";
		};
		D0D096531E617BA000CD19AF = {
			isa = PBXGroup;
			children = (
				D0D0965E1E617BA200CD19AF /* URANTest */,
				D0D0965D1E617BA200CD19AF /* Products */,
				65BB05BD3958E5AFD8CB6658 /* Pods */,
				B06E5BF6A19F6FF7283820B3 /* Frameworks */,
			);
			sourceTree = "<group>";
		};
		D0D0965D1E617BA200CD19AF /* Products */ = {
			isa = PBXGroup;
			children = (
				D0D0965C1E617BA200CD19AF /* URANTest.app */,
			);
			name = Products;
			sourceTree = "<group>";
		};
		D0D0965E1E617BA200CD19AF /* URANTest */ = {
			isa = PBXGroup;
			children = (
				D0D096871E61886100CD19AF /* Views */,
				D0D096831E6182D200CD19AF /* Models */,
				D0D096771E617C4400CD19AF /* Presentation */,
				D0D096761E617C2900CD19AF /* Application layer */,
				D0D0965F1E617BA200CD19AF /* Supporting Files */,
			);
			path = URANTest;
			sourceTree = "<group>";
		};
		D0D0965F1E617BA200CD19AF /* Supporting Files */ = {
			isa = PBXGroup;
			children = (
				D0D0966B1E617BA200CD19AF /* Assets.xcassets */,
				D0D0966D1E617BA200CD19AF /* LaunchScreen.storyboard */,
				D0D096701E617BA200CD19AF /* Info.plist */,
				D0D096601E617BA200CD19AF /* main.m */,
			);
			name = "Supporting Files";
			sourceTree = "<group>";
		};
		D0D096761E617C2900CD19AF /* Application layer */ = {
			isa = PBXGroup;
			children = (
				D0D096621E617BA200CD19AF /* AppDelegate.h */,
				D0D096631E617BA200CD19AF /* AppDelegate.m */,
			);
			name = "Application layer";
			sourceTree = "<group>";
		};
		D0D096771E617C4400CD19AF /* Presentation */ = {
			isa = PBXGroup;
			children = (
				D0D096781E61810300CD19AF /* Main Screen */,
			);
			name = Presentation;
			sourceTree = "<group>";
		};
		D0D096781E61810300CD19AF /* Main Screen */ = {
			isa = PBXGroup;
			children = (
				D0D0967E1E61821D00CD19AF /* URTInitialScreen.storyboard */,
				D0D096801E61823400CD19AF /* URTFileTableViewController.h */,
				D0D096811E61823400CD19AF /* URTFileTableViewController.m */,
			);
			name = "Main Screen";
			sourceTree = "<group>";
		};
		D0D096831E6182D200CD19AF /* Models */ = {
			isa = PBXGroup;
			children = (
				D0D096841E61833300CD19AF /* URTFileModel.h */,
				D0D096851E61833300CD19AF /* URTFileModel.m */,
			);
			name = Models;
			sourceTree = "<group>";
		};
		D0D096871E61886100CD19AF /* Views */ = {
			isa = PBXGroup;
			children = (
				D0D0968E1E6189CC00CD19AF /* URTFileCell.h */,
				D0D0968F1E6189CC00CD19AF /* URTFileCell.m */,
			);
			name = Views;
			sourceTree = "<group>";
		};
/* End PBXGroup section */

/* Begin PBXNativeTarget section */
		D0D0965B1E617BA000CD19AF /* URANTest */ = {
			isa = PBXNativeTarget;
			buildConfigurationList = D0D096731E617BA200CD19AF /* Build configuration list for PBXNativeTarget "URANTest" */;
			buildPhases = (
				176ACDE057C8019E552E3E60 /* [CP] Check Pods Manifest.lock */,
				D0D096581E617BA000CD19AF /* Sources */,
				D0D096591E617BA000CD19AF /* Frameworks */,
				D0D0965A1E617BA000CD19AF /* Resources */,
				CC9DF5B2A8D3373E04856909 /* [CP] Embed Pods Frameworks */,
				FECBD748DFEFB3559F9E2323 /* [CP] Copy Pods Resources */,
			);
			buildRules = (
			);
			dependencies = (
			);
			name = URANTest;
			productName = URANTest;
			productReference = D0D0965C1E617BA200CD19AF /* URANTest.app */;
			productType = "com.apple.product-type.application";
		};
/* End PBXNativeTarget section */

/* Begin PBXProject section */
		D0D096541E617BA000CD19AF /* Project object */ = {
			isa = PBXProject;
			attributes = {
				LastUpgradeCheck = 0820;
				ORGANIZATIONNAME = "Ivashin Dmitry";
				TargetAttributes = {
					D0D0965B1E617BA000CD19AF = {
						CreatedOnToolsVersion = 8.2;
						ProvisioningStyle = Automatic;
					};
				};
			};
			buildConfigurationList = D0D096571E617BA000CD19AF /* Build configuration list for PBXProject "URANTest" */;
			compatibilityVersion = "Xcode 3.2";
			developmentRegion = English;
			hasScannedForEncodings = 0;
			knownRegions = (
				en,
				Base,
			);
			mainGroup = D0D096531E617BA000CD19AF;
			productRefGroup = D0D0965D1E617BA200CD19AF /* Products */;
			projectDirPath = "";
			projectRoot = "";
			targets = (
				D0D0965B1E617BA000CD19AF /* URANTest */,
			);
		};
/* End PBXProject section */

/* Begin PBXResourcesBuildPhase section */
		D0D0965A1E617BA000CD19AF /* Resources */ = {
			isa = PBXResourcesBuildPhase;
			buildActionMask = 2147483647;
			files = (
				D0D0966F1E617BA200CD19AF /* LaunchScreen.storyboard in Resources */,
				D0D0966C1E617BA200CD19AF /* Assets.xcassets in Resources */,
				D0D0967F1E61821D00CD19AF /* URTInitialScreen.storyboard in Resources */,
			);
			runOnlyForDeploymentPostprocessing = 0;
		};
/* End PBXResourcesBuildPhase section */

/* Begin PBXShellScriptBuildPhase section */
		176ACDE057C8019E552E3E60 /* [CP] Check Pods Manifest.lock */ = {
			isa = PBXShellScriptBuildPhase;
			buildActionMask = 2147483647;
			files = (
			);
			inputPaths = (
			);
			name = "[CP] Check Pods Manifest.lock";
			outputPaths = (
			);
			runOnlyForDeploymentPostprocessing = 0;
			shellPath = /bin/sh;
			shellScript = "diff \"${PODS_ROOT}/../Podfile.lock\" \"${PODS_ROOT}/Manifest.lock\" > /dev/null\nif [ $? != 0 ] ; then\n    # print error to STDERR\n    echo \"error: The sandbox is not in sync with the Podfile.lock. Run 'pod install' or update your CocoaPods installation.\" >&2\n    exit 1\nfi\n";
			showEnvVarsInLog = 0;
		};
		CC9DF5B2A8D3373E04856909 /* [CP] Embed Pods Frameworks */ = {
			isa = PBXShellScriptBuildPhase;
			buildActionMask = 2147483647;
			files = (
			);
			inputPaths = (
			);
			name = "[CP] Embed Pods Frameworks";
			outputPaths = (
			);
			runOnlyForDeploymentPostprocessing = 0;
			shellPath = /bin/sh;
			shellScript = "\"${SRCROOT}/Pods/Target Support Files/Pods-URANTest/Pods-URANTest-frameworks.sh\"\n";
			showEnvVarsInLog = 0;
		};
		FECBD748DFEFB3559F9E2323 /* [CP] Copy Pods Resources */ = {
			isa = PBXShellScriptBuildPhase;
			buildActionMask = 2147483647;
			files = (
			);
			inputPaths = (
			);
			name = "[CP] Copy Pods Resources";
			outputPaths = (
			);
			runOnlyForDeploymentPostprocessing = 0;
			shellPath = /bin/sh;
			shellScript = "\"${SRCROOT}/Pods/Target Support Files/Pods-URANTest/Pods-URANTest-resources.sh\"\n";
			showEnvVarsInLog = 0;
		};
/* End PBXShellScriptBuildPhase section */

/* Begin PBXSourcesBuildPhase section */
		D0D096581E617BA000CD19AF /* Sources */ = {
			isa = PBXSourcesBuildPhase;
			buildActionMask = 2147483647;
			files = (
				D0D096641E617BA200CD19AF /* AppDelegate.m in Sources */,
				D0D096861E61833300CD19AF /* URTFileModel.m in Sources */,
				D0D096901E6189CC00CD19AF /* URTFileCell.m in Sources */,
				D0D096821E61823400CD19AF /* URTFileTableViewController.m in Sources */,
				D0D096611E617BA200CD19AF /* main.m in Sources */,
			);
			runOnlyForDeploymentPostprocessing = 0;
		};
/* End PBXSourcesBuildPhase section */

/* Begin PBXVariantGroup section */
		D0D0966D1E617BA200CD19AF /* LaunchScreen.storyboard */ = {
			isa = PBXVariantGroup;
			children = (
				D0D0966E1E617BA200CD19AF /* Base */,
			);
			name = LaunchScreen.storyboard;
			sourceTree = "<group>";
		};
/* End PBXVariantGroup section */

/* Begin XCBuildConfiguration section */
		D0D096711E617BA200CD19AF /* Debug */ = {
			isa = XCBuildConfiguration;
			buildSettings = {
				ALWAYS_SEARCH_USER_PATHS = NO;
				CLANG_ANALYZER_NONNULL = YES;
				CLANG_CXX_LANGUAGE_STANDARD = "gnu++0x";
				CLANG_CXX_LIBRARY = "libc++";
				CLANG_ENABLE_MODULES = YES;
				CLANG_ENABLE_OBJC_ARC = YES;
				CLANG_WARN_BOOL_CONVERSION = YES;
				CLANG_WARN_CONSTANT_CONVERSION = YES;
				CLANG_WARN_DIRECT_OBJC_ISA_USAGE = YES_ERROR;
				CLANG_WARN_DOCUMENTATION_COMMENTS = YES;
				CLANG_WARN_EMPTY_BODY = YES;
				CLANG_WARN_ENUM_CONVERSION = YES;
				CLANG_WARN_INFINITE_RECURSION = YES;
				CLANG_WARN_INT_CONVERSION = YES;
				CLANG_WARN_OBJC_ROOT_CLASS = YES_ERROR;
				CLANG_WARN_SUSPICIOUS_MOVE = YES;
				CLANG_WARN_UNREACHABLE_CODE = YES;
				CLANG_WARN__DUPLICATE_METHOD_MATCH = YES;
				"CODE_SIGN_IDENTITY[sdk=iphoneos*]" = "iPhone Developer";
				COPY_PHASE_STRIP = NO;
				DEBUG_INFORMATION_FORMAT = dwarf;
				ENABLE_STRICT_OBJC_MSGSEND = YES;
				ENABLE_TESTABILITY = YES;
				GCC_C_LANGUAGE_STANDARD = gnu99;
				GCC_DYNAMIC_NO_PIC = NO;
				GCC_NO_COMMON_BLOCKS = YES;
				GCC_OPTIMIZATION_LEVEL = 0;
				GCC_PREPROCESSOR_DEFINITIONS = (
					"DEBUG=1",
					"$(inherited)",
				);
				GCC_WARN_64_TO_32_BIT_CONVERSION = YES;
				GCC_WARN_ABOUT_RETURN_TYPE = YES_ERROR;
				GCC_WARN_UNDECLARED_SELECTOR = YES;
				GCC_WARN_UNINITIALIZED_AUTOS = YES_AGGRESSIVE;
				GCC_WARN_UNUSED_FUNCTION = YES;
				GCC_WARN_UNUSED_VARIABLE = YES;
				IPHONEOS_DEPLOYMENT_TARGET = 10.2;
				MTL_ENABLE_DEBUG_INFO = YES;
				ONLY_ACTIVE_ARCH = YES;
				SDKROOT = iphoneos;
			};
			name = Debug;
		};
		D0D096721E617BA200CD19AF /* Release */ = {
			isa = XCBuildConfiguration;
			buildSettings = {
				ALWAYS_SEARCH_USER_PATHS = NO;
				CLANG_ANALYZER_NONNULL = YES;
				CLANG_CXX_LANGUAGE_STANDARD = "gnu++0x";
				CLANG_CXX_LIBRARY = "libc++";
				CLANG_ENABLE_MODULES = YES;
				CLANG_ENABLE_OBJC_ARC = YES;
				CLANG_WARN_BOOL_CONVERSION = YES;
				CLANG_WARN_CONSTANT_CONVERSION = YES;
				CLANG_WARN_DIRECT_OBJC_ISA_USAGE = YES_ERROR;
				CLANG_WARN_DOCUMENTATION_COMMENTS = YES;
				CLANG_WARN_EMPTY_BODY = YES;
				CLANG_WARN_ENUM_CONVERSION = YES;
				CLANG_WARN_INFINITE_RECURSION = YES;
				CLANG_WARN_INT_CONVERSION = YES;
				CLANG_WARN_OBJC_ROOT_CLASS = YES_ERROR;
				CLANG_WARN_SUSPICIOUS_MOVE = YES;
				CLANG_WARN_UNREACHABLE_CODE = YES;
				CLANG_WARN__DUPLICATE_METHOD_MATCH = YES;
				"CODE_SIGN_IDENTITY[sdk=iphoneos*]" = "iPhone Developer";
				COPY_PHASE_STRIP = NO;
				DEBUG_INFORMATION_FORMAT = "dwarf-with-dsym";
				ENABLE_NS_ASSERTIONS = NO;
				ENABLE_STRICT_OBJC_MSGSEND = YES;
				GCC_C_LANGUAGE_STANDARD = gnu99;
				GCC_NO_COMMON_BLOCKS = YES;
				GCC_WARN_64_TO_32_BIT_CONVERSION = YES;
				GCC_WARN_ABOUT_RETURN_TYPE = YES_ERROR;
				GCC_WARN_UNDECLARED_SELECTOR = YES;
				GCC_WARN_UNINITIALIZED_AUTOS = YES_AGGRESSIVE;
				GCC_WARN_UNUSED_FUNCTION = YES;
				GCC_WARN_UNUSED_VARIABLE = YES;
				IPHONEOS_DEPLOYMENT_TARGET = 10.2;
				MTL_ENABLE_DEBUG_INFO = NO;
				SDKROOT = iphoneos;
				VALIDATE_PRODUCT = YES;
			};
			name = Release;
		};
		D0D096741E617BA200CD19AF /* Debug */ = {
			isa = XCBuildConfiguration;
			baseConfigurationReference = FB884AC8B9F1B3B51FC4DD95 /* Pods-URANTest.debug.xcconfig */;
			buildSettings = {
				ASSETCATALOG_COMPILER_APPICON_NAME = AppIcon;
				INFOPLIST_FILE = URANTest/Info.plist;
				LD_RUNPATH_SEARCH_PATHS = "$(inherited) @executable_path/Frameworks";
				PRODUCT_BUNDLE_IDENTIFIER = MyCompany.URANTest;
				PRODUCT_NAME = "$(TARGET_NAME)";
			};
			name = Debug;
		};
		D0D096751E617BA200CD19AF /* Release */ = {
			isa = XCBuildConfiguration;
			baseConfigurationReference = 6E19A53CB400881498A931D1 /* Pods-URANTest.release.xcconfig */;
			buildSettings = {
				ASSETCATALOG_COMPILER_APPICON_NAME = AppIcon;
				INFOPLIST_FILE = URANTest/Info.plist;
				LD_RUNPATH_SEARCH_PATHS = "$(inherited) @executable_path/Frameworks";
				PRODUCT_BUNDLE_IDENTIFIER = MyCompany.URANTest;
				PRODUCT_NAME = "$(TARGET_NAME)";
			};
			name = Release;
		};
/* End XCBuildConfiguration section */

/* Begin XCConfigurationList section */
		D0D096571E617BA000CD19AF /* Build configuration list for PBXProject "URANTest" */ = {
			isa = XCConfigurationList;
			buildConfigurations = (
				D0D096711E617BA200CD19AF /* Debug */,
				D0D096721E617BA200CD19AF /* Release */,
			);
			defaultConfigurationIsVisible = 0;
			defaultConfigurationName = Release;
		};
		D0D096731E617BA200CD19AF /* Build configuration list for PBXNativeTarget "URANTest" */ = {
			isa = XCConfigurationList;
			buildConfigurations = (
				D0D096741E617BA200CD19AF /* Debug */,
				D0D096751E617BA200CD19AF /* Release */,
			);
			defaultConfigurationIsVisible = 0;
			defaultConfigurationName = Release;
		};
/* End XCConfigurationList section */
	};
	rootObject = D0D096541E617BA000CD19AF /* Project object */;
}
